// !$*UTF8*$!
{
	archiveVersion = 1;
	classes = {
	};
	objectVersion = 46;
	objects = {

/* Begin PBXBuildFile section */
		562AECB31CECA65600E58012 /* vectorCompare.cpp in Sources */ = {isa = PBXBuildFile; fileRef = 562AECA71CECA64200E58012 /* vectorCompare.cpp */; };
		568F2C131CEADDA600C085AD /* stringIO.cpp in Sources */ = {isa = PBXBuildFile; fileRef = 568F2C121CEADDA600C085AD /* stringIO.cpp */; };
/* End PBXBuildFile section */

/* Begin PBXCopyFilesBuildPhase section */
		562AECAA1CECA64D00E58012 /* CopyFiles */ = {
			isa = PBXCopyFilesBuildPhase;
			buildActionMask = 2147483647;
			dstPath = /usr/share/man/man1/;
			dstSubfolderSpec = 0;
			files = (
			);
			runOnlyForDeploymentPostprocessing = 1;
		};
		568F2C0D1CEADDA600C085AD /* CopyFiles */ = {
			isa = PBXCopyFilesBuildPhase;
			buildActionMask = 2147483647;
			dstPath = /usr/share/man/man1/;
			dstSubfolderSpec = 0;
			files = (
			);
			runOnlyForDeploymentPostprocessing = 1;
		};
/* End PBXCopyFilesBuildPhase section */

/* Begin PBXFileReference section */
		562AECA71CECA64200E58012 /* vectorCompare.cpp */ = {isa = PBXFileReference; lastKnownFileType = sourcecode.cpp.cpp; path = vectorCompare.cpp; sourceTree = "<group>"; };
		562AECAC1CECA64D00E58012 /* lab9t2 */ = {isa = PBXFileReference; explicitFileType = "compiled.mach-o.executable"; includeInIndex = 0; path = lab9t2; sourceTree = BUILT_PRODUCTS_DIR; };
		568F2C0F1CEADDA600C085AD /* lab9 */ = {isa = PBXFileReference; explicitFileType = "compiled.mach-o.executable"; includeInIndex = 0; path = lab9; sourceTree = BUILT_PRODUCTS_DIR; };
		568F2C121CEADDA600C085AD /* stringIO.cpp */ = {isa = PBXFileReference; lastKnownFileType = sourcecode.cpp.cpp; path = stringIO.cpp; sourceTree = "<group>"; };
		568F2C191CEADF2B00C085AD /* Student.h */ = {isa = PBXFileReference; lastKnownFileType = sourcecode.c.h; path = Student.h; sourceTree = "<group>"; };
/* End PBXFileReference section */

/* Begin PBXFrameworksBuildPhase section */
		562AECA91CECA64D00E58012 /* Frameworks */ = {
			isa = PBXFrameworksBuildPhase;
			buildActionMask = 2147483647;
			files = (
			);
			runOnlyForDeploymentPostprocessing = 0;
		};
		568F2C0C1CEADDA600C085AD /* Frameworks */ = {
			isa = PBXFrameworksBuildPhase;
			buildActionMask = 2147483647;
			files = (
			);
			runOnlyForDeploymentPostprocessing = 0;
		};
/* End PBXFrameworksBuildPhase section */

/* Begin PBXGroup section */
		568F2C061CEADDA600C085AD = {
			isa = PBXGroup;
			children = (
				568F2C111CEADDA600C085AD /* lab9 */,
				568F2C101CEADDA600C085AD /* Products */,
			);
			sourceTree = "<group>";
		};
		568F2C101CEADDA600C085AD /* Products */ = {
			isa = PBXGroup;
			children = (
				568F2C0F1CEADDA600C085AD /* lab9 */,
				562AECAC1CECA64D00E58012 /* lab9t2 */,
			);
			name = Products;
			sourceTree = "<group>";
		};
		568F2C111CEADDA600C085AD /* lab9 */ = {
			isa = PBXGroup;
			children = (
				568F2C121CEADDA600C085AD /* stringIO.cpp */,
				568F2C191CEADF2B00C085AD /* Student.h */,
				562AECA71CECA64200E58012 /* vectorCompare.cpp */,
			);
			path = lab9;
			sourceTree = "<group>";
		};
/* End PBXGroup section */

/* Begin PBXNativeTarget section */
		562AECAB1CECA64D00E58012 /* lab9t2 */ = {
			isa = PBXNativeTarget;
			buildConfigurationList = 562AECB01CECA64D00E58012 /* Build configuration list for PBXNativeTarget "lab9t2" */;
			buildPhases = (
				562AECA81CECA64D00E58012 /* Sources */,
				562AECA91CECA64D00E58012 /* Frameworks */,
				562AECAA1CECA64D00E58012 /* CopyFiles */,
			);
			buildRules = (
			);
			dependencies = (
			);
			name = lab9t2;
			productName = lab9t2;
			productReference = 562AECAC1CECA64D00E58012 /* lab9t2 */;
			productType = "com.apple.product-type.tool";
		};
		568F2C0E1CEADDA600C085AD /* lab9 */ = {
			isa = PBXNativeTarget;
			buildConfigurationList = 568F2C161CEADDA600C085AD /* Build configuration list for PBXNativeTarget "lab9" */;
			buildPhases = (
				568F2C0B1CEADDA600C085AD /* Sources */,
				568F2C0C1CEADDA600C085AD /* Frameworks */,
				568F2C0D1CEADDA600C085AD /* CopyFiles */,
			);
			buildRules = (
			);
			dependencies = (
			);
			name = lab9;
			productName = lab9;
			productReference = 568F2C0F1CEADDA600C085AD /* lab9 */;
			productType = "com.apple.product-type.tool";
		};
/* End PBXNativeTarget section */

/* Begin PBXProject section */
		568F2C071CEADDA600C085AD /* Project object */ = {
			isa = PBXProject;
			attributes = {
				LastUpgradeCheck = 0730;
				ORGANIZATIONNAME = "Asjad Athick";
				TargetAttributes = {
					562AECAB1CECA64D00E58012 = {
						CreatedOnToolsVersion = 7.3;
					};
					568F2C0E1CEADDA600C085AD = {
						CreatedOnToolsVersion = 7.3;
					};
				};
			};
			buildConfigurationList = 568F2C0A1CEADDA600C085AD /* Build configuration list for PBXProject "lab9" */;
			compatibilityVersion = "Xcode 3.2";
			developmentRegion = English;
			hasScannedForEncodings = 0;
			knownRegions = (
				en,
			);
			mainGroup = 568F2C061CEADDA600C085AD;
			productRefGroup = 568F2C101CEADDA600C085AD /* Products */;
			projectDirPath = "";
			projectRoot = "";
			targets = (
				568F2C0E1CEADDA600C085AD /* lab9 */,
				562AECAB1CECA64D00E58012 /* lab9t2 */,
			);
		};
/* End PBXProject section */

/* Begin PBXSourcesBuildPhase section */
		562AECA81CECA64D00E58012 /* Sources */ = {
			isa = PBXSourcesBuildPhase;
			buildActionMask = 2147483647;
			files = (
				562AECB31CECA65600E58012 /* vectorCompare.cpp in Sources */,
			);
			runOnlyForDeploymentPostprocessing = 0;
		};
		568F2C0B1CEADDA600C085AD /* Sources */ = {
			isa = PBXSourcesBuildPhase;
			buildActionMask = 2147483647;
			files = (
				568F2C131CEADDA600C085AD /* stringIO.cpp in Sources */,
			);
			runOnlyForDeploymentPostprocessing = 0;
		};
/* End PBXSourcesBuildPhase section */

/* Begin XCBuildConfiguration section */
		562AECB11CECA64D00E58012 /* Debug */ = {
			isa = XCBuildConfiguration;
			buildSettings = {
				PRODUCT_NAME = "$(TARGET_NAME)";
			};
			name = Debug;
		};
		562AECB21CECA64D00E58012 /* Release */ = {
			isa = XCBuildConfiguration;
			buildSettings = {
				PRODUCT_NAME = "$(TARGET_NAME)";
			};
			name = Release;
		};
		568F2C141CEADDA600C085AD /* Debug */ = {
			isa = XCBuildConfiguration;
			buildSettings = {
				ALWAYS_SEARCH_USER_PATHS = NO;
				CLANG_ANALYZER_NONNULL = YES;
				CLANG_CXX_LANGUAGE_STANDARD = "gnu++0x";
				CLANG_CXX_LIBRARY = "libc++";
				CLANG_ENABLE_MODULES = YES;
				CLANG_ENABLE_OBJC_ARC = YES;
				CLANG_WARN_BOOL_CONVERSION = YES;
				CLANG_WARN_CONSTANT_CONVERSION = YES;
				CLANG_WARN_DIRECT_OBJC_ISA_USAGE = YES_ERROR;
				CLANG_WARN_EMPTY_BODY = YES;
				CLANG_WARN_ENUM_CONVERSION = YES;
				CLANG_WARN_INT_CONVERSION = YES;
				CLANG_WARN_OBJC_ROOT_CLASS = YES_ERROR;
				CLANG_WARN_UNREACHABLE_CODE = YES;
				CLANG_WARN__DUPLICATE_METHOD_MATCH = YES;
				CODE_SIGN_IDENTITY = "-";
				COPY_PHASE_STRIP = NO;
				DEBUG_INFORMATION_FORMAT = dwarf;
				ENABLE_STRICT_OBJC_MSGSEND = YES;
				ENABLE_TESTABILITY = YES;
				GCC_C_LANGUAGE_STANDARD = gnu99;
				GCC_DYNAMIC_NO_PIC = NO;
				GCC_NO_COMMON_BLOCKS = YES;
				GCC_OPTIMIZATION_LEVEL = 0;
				GCC_PREPROCESSOR_DEFINITIONS = (
					"DEBUG=1",
					"$(inherited)",
				);
				GCC_WARN_64_TO_32_BIT_CONVERSION = YES;
				GCC_WARN_ABOUT_RETURN_TYPE = YES_ERROR;
				GCC_WARN_UNDECLARED_SELECTOR = YES;
				GCC_WARN_UNINITIALIZED_AUTOS = YES_AGGRESSIVE;
				GCC_WARN_UNUSED_FUNCTION = YES;
				GCC_WARN_UNUSED_VARIABLE = YES;
				MACOSX_DEPLOYMENT_TARGET = 10.11;
				MTL_ENABLE_DEBUG_INFO = YES;
				ONLY_ACTIVE_ARCH = YES;
				SDKROOT = macosx;
			};
			name = Debug;
		};
		568F2C151CEADDA600C085AD /* Release */ = {
			isa = XCBuildConfiguration;
			buildSettings = {
				ALWAYS_SEARCH_USER_PATHS = NO;
				CLANG_ANALYZER_NONNULL = YES;
				CLANG_CXX_LANGUAGE_STANDARD = "gnu++0x";
				CLANG_CXX_LIBRARY = "libc++";
				CLANG_ENABLE_MODULES = YES;
				CLANG_ENABLE_OBJC_ARC = YES;
				CLANG_WARN_BOOL_CONVERSION = YES;
				CLANG_WARN_CONSTANT_CONVERSION = YES;
				CLANG_WARN_DIRECT_OBJC_ISA_USAGE = YES_ERROR;
				CLANG_WARN_EMPTY_BODY = YES;
				CLANG_WARN_ENUM_CONVERSION = YES;
				CLANG_WARN_INT_CONVERSION = YES;
				CLANG_WARN_OBJC_ROOT_CLASS = YES_ERROR;
				CLANG_WARN_UNREACHABLE_CODE = YES;
				CLANG_WARN__DUPLICATE_METHOD_MATCH = YES;
				CODE_SIGN_IDENTITY = "-";
				COPY_PHASE_STRIP = NO;
				DEBUG_INFORMATION_FORMAT = "dwarf-with-dsym";
				ENABLE_NS_ASSERTIONS = NO;
				ENABLE_STRICT_OBJC_MSGSEND = YES;
				GCC_C_LANGUAGE_STANDARD = gnu99;
				GCC_NO_COMMON_BLOCKS = YES;
				GCC_WARN_64_TO_32_BIT_CONVERSION = YES;
				GCC_WARN_ABOUT_RETURN_TYPE = YES_ERROR;
				GCC_WARN_UNDECLARED_SELECTOR = YES;
				GCC_WARN_UNINITIALIZED_AUTOS = YES_AGGRESSIVE;
				GCC_WARN_UNUSED_FUNCTION = YES;
				GCC_WARN_UNUSED_VARIABLE = YES;
				MACOSX_DEPLOYMENT_TARGET = 10.11;
				MTL_ENABLE_DEBUG_INFO = NO;
				SDKROOT = macosx;
			};
			name = Release;
		};
		568F2C171CEADDA600C085AD /* Debug */ = {
			isa = XCBuildConfiguration;
			buildSettings = {
				PRODUCT_NAME = "$(TARGET_NAME)";
			};
			name = Debug;
		};
		568F2C181CEADDA600C085AD /* Release */ = {
			isa = XCBuildConfiguration;
			buildSettings = {
				PRODUCT_NAME = "$(TARGET_NAME)";
			};
			name = Release;
		};
/* End XCBuildConfiguration section */

/* Begin XCConfigurationList section */
		562AECB01CECA64D00E58012 /* Build configuration list for PBXNativeTarget "lab9t2" */ = {
			isa = XCConfigurationList;
			buildConfigurations = (
				562AECB11CECA64D00E58012 /* Debug */,
				562AECB21CECA64D00E58012 /* Release */,
			);
			defaultConfigurationIsVisible = 0;
		};
		568F2C0A1CEADDA600C085AD /* Build configuration list for PBXProject "lab9" */ = {
			isa = XCConfigurationList;
			buildConfigurations = (
				568F2C141CEADDA600C085AD /* Debug */,
				568F2C151CEADDA600C085AD /* Release */,
			);
			defaultConfigurationIsVisible = 0;
			defaultConfigurationName = Release;
		};
		568F2C161CEADDA600C085AD /* Build configuration list for PBXNativeTarget "lab9" */ = {
			isa = XCConfigurationList;
			buildConfigurations = (
				568F2C171CEADDA600C085AD /* Debug */,
				568F2C181CEADDA600C085AD /* Release */,
			);
			defaultConfigurationIsVisible = 0;
			defaultConfigurationName = Release;
		};
/* End XCConfigurationList section */
	};
	rootObject = 568F2C071CEADDA600C085AD /* Project object */;
}
