// !$*UTF8*$!
{
	archiveVersion = 1;
	classes = {
	};
	objectVersion = 46;
	objects = {

/* Begin PBXBuildFile section */
		56F306661CB3C12E008FEB5C /* task2Main.cpp in Sources */ = {isa = PBXBuildFile; fileRef = 56F306651CB3C12E008FEB5C /* task2Main.cpp */; };
		56F3066E1CB3C166008FEB5C /* Bill.cpp in Sources */ = {isa = PBXBuildFile; fileRef = 56F3066C1CB3C166008FEB5C /* Bill.cpp */; };
		56F306711CB3F3C4008FEB5C /* ElectricityBill.cpp in Sources */ = {isa = PBXBuildFile; fileRef = 56F3066F1CB3F3C4008FEB5C /* ElectricityBill.cpp */; };
		56F306771CB52A91008FEB5C /* GasBill.cpp in Sources */ = {isa = PBXBuildFile; fileRef = 56F306751CB52A91008FEB5C /* GasBill.cpp */; };
		56F3067A1CB52ABB008FEB5C /* TelephoneBill.cpp in Sources */ = {isa = PBXBuildFile; fileRef = 56F306781CB52ABB008FEB5C /* TelephoneBill.cpp */; };
/* End PBXBuildFile section */

/* Begin PBXCopyFilesBuildPhase section */
		56F306601CB3C12E008FEB5C /* CopyFiles */ = {
			isa = PBXCopyFilesBuildPhase;
			buildActionMask = 2147483647;
			dstPath = /usr/share/man/man1/;
			dstSubfolderSpec = 0;
			files = (
			);
			runOnlyForDeploymentPostprocessing = 1;
		};
/* End PBXCopyFilesBuildPhase section */

/* Begin PBXFileReference section */
		56F306621CB3C12E008FEB5C /* ass2task2 */ = {isa = PBXFileReference; explicitFileType = "compiled.mach-o.executable"; includeInIndex = 0; path = ass2task2; sourceTree = BUILT_PRODUCTS_DIR; };
		56F306651CB3C12E008FEB5C /* task2Main.cpp */ = {isa = PBXFileReference; lastKnownFileType = sourcecode.cpp.cpp; name = task2Main.cpp; path = ../../../../../../../../Documents/CSCI204/assignments/ass2/ass2task2/ass2task2/task2Main.cpp; sourceTree = BUILT_PRODUCTS_DIR; };
		56F3066C1CB3C166008FEB5C /* Bill.cpp */ = {isa = PBXFileReference; fileEncoding = 4; lastKnownFileType = sourcecode.cpp.cpp; path = Bill.cpp; sourceTree = "<group>"; };
		56F3066D1CB3C166008FEB5C /* Bill.h */ = {isa = PBXFileReference; fileEncoding = 4; lastKnownFileType = sourcecode.c.h; path = Bill.h; sourceTree = "<group>"; };
		56F3066F1CB3F3C4008FEB5C /* ElectricityBill.cpp */ = {isa = PBXFileReference; fileEncoding = 4; lastKnownFileType = sourcecode.cpp.cpp; path = ElectricityBill.cpp; sourceTree = "<group>"; };
		56F306701CB3F3C4008FEB5C /* ElectricityBill.h */ = {isa = PBXFileReference; fileEncoding = 4; lastKnownFileType = sourcecode.c.h; path = ElectricityBill.h; sourceTree = "<group>"; };
		56F306751CB52A91008FEB5C /* GasBill.cpp */ = {isa = PBXFileReference; fileEncoding = 4; lastKnownFileType = sourcecode.cpp.cpp; path = GasBill.cpp; sourceTree = "<group>"; };
		56F306761CB52A91008FEB5C /* GasBill.h */ = {isa = PBXFileReference; fileEncoding = 4; lastKnownFileType = sourcecode.c.h; path = GasBill.h; sourceTree = "<group>"; };
		56F306781CB52ABB008FEB5C /* TelephoneBill.cpp */ = {isa = PBXFileReference; fileEncoding = 4; lastKnownFileType = sourcecode.cpp.cpp; path = TelephoneBill.cpp; sourceTree = "<group>"; };
		56F306791CB52ABB008FEB5C /* TelephoneBill.h */ = {isa = PBXFileReference; fileEncoding = 4; lastKnownFileType = sourcecode.c.h; path = TelephoneBill.h; sourceTree = "<group>"; };
/* End PBXFileReference section */

/* Begin PBXFrameworksBuildPhase section */
		56F3065F1CB3C12E008FEB5C /* Frameworks */ = {
			isa = PBXFrameworksBuildPhase;
			buildActionMask = 2147483647;
			files = (
			);
			runOnlyForDeploymentPostprocessing = 0;
		};
/* End PBXFrameworksBuildPhase section */

/* Begin PBXGroup section */
		56F306591CB3C12E008FEB5C = {
			isa = PBXGroup;
			children = (
				56F306641CB3C12E008FEB5C /* ass2task2 */,
				56F306631CB3C12E008FEB5C /* Products */,
			);
			sourceTree = "<group>";
		};
		56F306631CB3C12E008FEB5C /* Products */ = {
			isa = PBXGroup;
			children = (
				56F306621CB3C12E008FEB5C /* ass2task2 */,
			);
			name = Products;
			sourceTree = "<group>";
		};
		56F306641CB3C12E008FEB5C /* ass2task2 */ = {
			isa = PBXGroup;
			children = (
				56F306651CB3C12E008FEB5C /* task2Main.cpp */,
				56F3066C1CB3C166008FEB5C /* Bill.cpp */,
				56F3066D1CB3C166008FEB5C /* Bill.h */,
				56F3066F1CB3F3C4008FEB5C /* ElectricityBill.cpp */,
				56F306701CB3F3C4008FEB5C /* ElectricityBill.h */,
				56F306751CB52A91008FEB5C /* GasBill.cpp */,
				56F306761CB52A91008FEB5C /* GasBill.h */,
				56F306781CB52ABB008FEB5C /* TelephoneBill.cpp */,
				56F306791CB52ABB008FEB5C /* TelephoneBill.h */,
			);
			path = ass2task2;
			sourceTree = "<group>";
		};
/* End PBXGroup section */

/* Begin PBXNativeTarget section */
		56F306611CB3C12E008FEB5C /* ass2task2 */ = {
			isa = PBXNativeTarget;
			buildConfigurationList = 56F306691CB3C12E008FEB5C /* Build configuration list for PBXNativeTarget "ass2task2" */;
			buildPhases = (
				56F3065E1CB3C12E008FEB5C /* Sources */,
				56F3065F1CB3C12E008FEB5C /* Frameworks */,
				56F306601CB3C12E008FEB5C /* CopyFiles */,
			);
			buildRules = (
			);
			dependencies = (
			);
			name = ass2task2;
			productName = ass2task2;
			productReference = 56F306621CB3C12E008FEB5C /* ass2task2 */;
			productType = "com.apple.product-type.tool";
		};
/* End PBXNativeTarget section */

/* Begin PBXProject section */
		56F3065A1CB3C12E008FEB5C /* Project object */ = {
			isa = PBXProject;
			attributes = {
				LastUpgradeCheck = 0730;
				ORGANIZATIONNAME = "Asjad Athick";
				TargetAttributes = {
					56F306611CB3C12E008FEB5C = {
						CreatedOnToolsVersion = 7.3;
					};
				};
			};
			buildConfigurationList = 56F3065D1CB3C12E008FEB5C /* Build configuration list for PBXProject "ass2task2" */;
			compatibilityVersion = "Xcode 3.2";
			developmentRegion = English;
			hasScannedForEncodings = 0;
			knownRegions = (
				en,
			);
			mainGroup = 56F306591CB3C12E008FEB5C;
			productRefGroup = 56F306631CB3C12E008FEB5C /* Products */;
			projectDirPath = "";
			projectRoot = "";
			targets = (
				56F306611CB3C12E008FEB5C /* ass2task2 */,
			);
		};
/* End PBXProject section */

/* Begin PBXSourcesBuildPhase section */
		56F3065E1CB3C12E008FEB5C /* Sources */ = {
			isa = PBXSourcesBuildPhase;
			buildActionMask = 2147483647;
			files = (
				56F306711CB3F3C4008FEB5C /* ElectricityBill.cpp in Sources */,
				56F3067A1CB52ABB008FEB5C /* TelephoneBill.cpp in Sources */,
				56F3066E1CB3C166008FEB5C /* Bill.cpp in Sources */,
				56F306771CB52A91008FEB5C /* GasBill.cpp in Sources */,
				56F306661CB3C12E008FEB5C /* task2Main.cpp in Sources */,
			);
			runOnlyForDeploymentPostprocessing = 0;
		};
/* End PBXSourcesBuildPhase section */

/* Begin XCBuildConfiguration section */
		56F306671CB3C12E008FEB5C /* Debug */ = {
			isa = XCBuildConfiguration;
			buildSettings = {
				ALWAYS_SEARCH_USER_PATHS = NO;
				CLANG_ANALYZER_NONNULL = YES;
				CLANG_CXX_LANGUAGE_STANDARD = "gnu++0x";
				CLANG_CXX_LIBRARY = "libc++";
				CLANG_ENABLE_MODULES = YES;
				CLANG_ENABLE_OBJC_ARC = YES;
				CLANG_WARN_BOOL_CONVERSION = YES;
				CLANG_WARN_CONSTANT_CONVERSION = YES;
				CLANG_WARN_DIRECT_OBJC_ISA_USAGE = YES_ERROR;
				CLANG_WARN_EMPTY_BODY = YES;
				CLANG_WARN_ENUM_CONVERSION = YES;
				CLANG_WARN_INT_CONVERSION = YES;
				CLANG_WARN_OBJC_ROOT_CLASS = YES_ERROR;
				CLANG_WARN_UNREACHABLE_CODE = YES;
				CLANG_WARN__DUPLICATE_METHOD_MATCH = YES;
				CODE_SIGN_IDENTITY = "-";
				COPY_PHASE_STRIP = NO;
				DEBUG_INFORMATION_FORMAT = dwarf;
				ENABLE_STRICT_OBJC_MSGSEND = YES;
				ENABLE_TESTABILITY = YES;
				GCC_C_LANGUAGE_STANDARD = gnu99;
				GCC_DYNAMIC_NO_PIC = NO;
				GCC_NO_COMMON_BLOCKS = YES;
				GCC_OPTIMIZATION_LEVEL = 0;
				GCC_PREPROCESSOR_DEFINITIONS = (
					"DEBUG=1",
					"$(inherited)",
				);
				GCC_WARN_64_TO_32_BIT_CONVERSION = YES;
				GCC_WARN_ABOUT_RETURN_TYPE = YES_ERROR;
				GCC_WARN_UNDECLARED_SELECTOR = YES;
				GCC_WARN_UNINITIALIZED_AUTOS = YES_AGGRESSIVE;
				GCC_WARN_UNUSED_FUNCTION = YES;
				GCC_WARN_UNUSED_VARIABLE = YES;
				MACOSX_DEPLOYMENT_TARGET = 10.11;
				MTL_ENABLE_DEBUG_INFO = YES;
				ONLY_ACTIVE_ARCH = YES;
				SDKROOT = macosx;
			};
			name = Debug;
		};
		56F306681CB3C12E008FEB5C /* Release */ = {
			isa = XCBuildConfiguration;
			buildSettings = {
				ALWAYS_SEARCH_USER_PATHS = NO;
				CLANG_ANALYZER_NONNULL = YES;
				CLANG_CXX_LANGUAGE_STANDARD = "gnu++0x";
				CLANG_CXX_LIBRARY = "libc++";
				CLANG_ENABLE_MODULES = YES;
				CLANG_ENABLE_OBJC_ARC = YES;
				CLANG_WARN_BOOL_CONVERSION = YES;
				CLANG_WARN_CONSTANT_CONVERSION = YES;
				CLANG_WARN_DIRECT_OBJC_ISA_USAGE = YES_ERROR;
				CLANG_WARN_EMPTY_BODY = YES;
				CLANG_WARN_ENUM_CONVERSION = YES;
				CLANG_WARN_INT_CONVERSION = YES;
				CLANG_WARN_OBJC_ROOT_CLASS = YES_ERROR;
				CLANG_WARN_UNREACHABLE_CODE = YES;
				CLANG_WARN__DUPLICATE_METHOD_MATCH = YES;
				CODE_SIGN_IDENTITY = "-";
				COPY_PHASE_STRIP = NO;
				DEBUG_INFORMATION_FORMAT = "dwarf-with-dsym";
				ENABLE_NS_ASSERTIONS = NO;
				ENABLE_STRICT_OBJC_MSGSEND = YES;
				GCC_C_LANGUAGE_STANDARD = gnu99;
				GCC_NO_COMMON_BLOCKS = YES;
				GCC_WARN_64_TO_32_BIT_CONVERSION = YES;
				GCC_WARN_ABOUT_RETURN_TYPE = YES_ERROR;
				GCC_WARN_UNDECLARED_SELECTOR = YES;
				GCC_WARN_UNINITIALIZED_AUTOS = YES_AGGRESSIVE;
				GCC_WARN_UNUSED_FUNCTION = YES;
				GCC_WARN_UNUSED_VARIABLE = YES;
				MACOSX_DEPLOYMENT_TARGET = 10.11;
				MTL_ENABLE_DEBUG_INFO = NO;
				SDKROOT = macosx;
			};
			name = Release;
		};
		56F3066A1CB3C12E008FEB5C /* Debug */ = {
			isa = XCBuildConfiguration;
			buildSettings = {
				PRODUCT_NAME = "$(TARGET_NAME)";
			};
			name = Debug;
		};
		56F3066B1CB3C12E008FEB5C /* Release */ = {
			isa = XCBuildConfiguration;
			buildSettings = {
				PRODUCT_NAME = "$(TARGET_NAME)";
			};
			name = Release;
		};
/* End XCBuildConfiguration section */

/* Begin XCConfigurationList section */
		56F3065D1CB3C12E008FEB5C /* Build configuration list for PBXProject "ass2task2" */ = {
			isa = XCConfigurationList;
			buildConfigurations = (
				56F306671CB3C12E008FEB5C /* Debug */,
				56F306681CB3C12E008FEB5C /* Release */,
			);
			defaultConfigurationIsVisible = 0;
			defaultConfigurationName = Release;
		};
		56F306691CB3C12E008FEB5C /* Build configuration list for PBXNativeTarget "ass2task2" */ = {
			isa = XCConfigurationList;
			buildConfigurations = (
				56F3066A1CB3C12E008FEB5C /* Debug */,
				56F3066B1CB3C12E008FEB5C /* Release */,
			);
			defaultConfigurationIsVisible = 0;
			defaultConfigurationName = Release;
		};
/* End XCConfigurationList section */
	};
	rootObject = 56F3065A1CB3C12E008FEB5C /* Project object */;
}
